
Microsoft Visual Studio Solution File, Format Version 12.00
# Visual Studio Version 16
VisualStudioVersion = 16.0.32002.261
MinimumVisualStudioVersion = 10.0.40219.1
Project("{FAE04EC0-301F-11D3-BF4B-00C04F79EFBC}") = "Task15.6.6", "Task15.6.6\Task15.6.6.csproj", "{80ED369A-E585-4340-9CA8-392D842A6062}"
EndProject
Global
	GlobalSection(SolutionConfigurationPlatforms) = preSolution
		Debug|Any CPU = Debug|Any CPU
		Release|Any CPU = Release|Any CPU
	EndGlobalSection
	GlobalSection(ProjectConfigurationPlatforms) = postSolution
		{80ED369A-E585-4340-9CA8-392D842A6062}.Debug|Any CPU.ActiveCfg = Debug|Any CPU
		{80ED369A-E585-4340-9CA8-392D842A6062}.Debug|Any CPU.Build.0 = Debug|Any CPU
		{80ED369A-E585-4340-9CA8-392D842A6062}.Release|Any CPU.ActiveCfg = Release|Any CPU
		{80ED369A-E585-4340-9CA8-392D842A6062}.Release|Any CPU.Build.0 = Release|Any CPU
	EndGlobalSection
	GlobalSection(SolutionProperties) = preSolution
		HideSolutionNode = FALSE
	EndGlobalSection
	GlobalSection(ExtensibilityGlobals) = postSolution
		SolutionGuid = {1D70BD39-5DCC-4C95-BF56-E82D1BC964C7}
	EndGlobalSection
EndGlobal
